{
    "_readme": [
        "This file locks the dependencies of your project to a known state",
        "Read more about it at https://getcomposer.org/doc/01-basic-usage.md#composer-lock-the-lock-file",
        "This file is @generated automatically"
    ],
    "hash": "ae64e97401c03b11570fd8d0918b2560",
    "packages": [
        {
            "name": "noahbuscher/macaw",
            "version": "dev-master",
            "source": {
                "type": "git",
                "url": "https://github.com/noahbuscher/Macaw.git",
                "reference": "adc592cc3b73045eaa7f25550b277478d59125d5"
            },
            "dist": {
                "type": "zip",
                "url": "https://api.github.com/repos/noahbuscher/Macaw/zipball/adc592cc3b73045eaa7f25550b277478d59125d5",
                "reference": "adc592cc3b73045eaa7f25550b277478d59125d5",
                "shasum": ""
            },
            "require": {
                "php": ">=5.3.3"
            },
            "type": "library",
            "autoload": {
                "psr-4": {
                    "NoahBuscher\\Macaw\\": ""
                }
            },
            "notification-url": "https://packagist.org/downloads/",
            "license": [
                "MIT"
            ],
            "description": "Sexy PHP router.",
            "time": "2015-07-09 16:14:17"
        }
    ],
    "packages-dev": [],
    "aliases": [],
    "minimum-stability": "stable",
    "stability-flags": {
        "noahbuscher/macaw": 20
    },
    "prefer-stable": false,
    "prefer-lowest": false,
    "platform": [],
    "platform-dev": []
}
